{
  "name": "functional-js-workshop",
  "version": "1.0.0",
  "lockfileVersion": 1,
  "dependencies": {
    "assert": {
      "version": "1.4.1",
      "resolved": "https://registry.npmjs.org/assert/-/assert-1.4.1.tgz",
      "integrity": "sha1-mZEtWRg2tab1s0XA8H7vwI/GXZE=",
      "dependencies": {
        "util": {
          "version": "0.10.3",
          "resolved": "https://registry.npmjs.org/util/-/util-0.10.3.tgz",
          "integrity": "sha1-evsa/lCAUkZInj23/g7TeTNqwPk=",
          "dependencies": {
            "inherits": {
              "version": "2.0.1",
              "resolved": "https://registry.npmjs.org/inherits/-/inherits-2.0.1.tgz",
              "integrity": "sha1-sX0I0ya0Qj5Wjv9xn5GwscvfafE="
            }
          }
        }
      }
    },
    "concurrify": {
      "version": "1.0.1",
      "resolved": "https://registry.npmjs.org/concurrify/-/concurrify-1.0.1.tgz",
      "integrity": "sha1-H+vktGFdSobuKTo5cT/61f65aB4="
    },
    "daggy": {
      "version": "0.0.1",
      "resolved": "http://hqdevnpm01.frt.lan:4873/daggy/-/daggy-0.0.1.tgz",
      "integrity": "sha1-rpyTLJ9xNuZVoEr7Iei6rf0NNwc="
    },
    "denque": {
      "version": "1.1.1",
      "resolved": "https://registry.npmjs.org/denque/-/denque-1.1.1.tgz",
      "integrity": "sha1-ECKcK4juwb0V/4LF/eNW5762254="
    },
    "fantasy-check": {
      "version": "0.3.2",
      "resolved": "http://hqdevnpm01.frt.lan:4873/fantasy-check/-/fantasy-check-0.3.2.tgz",
      "integrity": "sha1-DJs9TYrKox7vZ8tv3o9Kj+sn2+o=",
      "dependencies": {
        "fantasy-combinators": {
          "version": "0.0.1",
          "resolved": "http://hqdevnpm01.frt.lan:4873/fantasy-combinators/-/fantasy-combinators-0.0.1.tgz",
          "integrity": "sha1-0YOIrtlL55CsQGkDH16gGDReM6E="
        },
        "fantasy-environment": {
          "version": "0.0.2",
          "resolved": "http://hqdevnpm01.frt.lan:4873/fantasy-environment/-/fantasy-environment-0.0.2.tgz",
          "integrity": "sha1-wgpiwWNMUZAqGGh1DYIds2Q7VFs="
        },
        "fantasy-equality": {
          "version": "0.0.2",
          "resolved": "http://hqdevnpm01.frt.lan:4873/fantasy-equality/-/fantasy-equality-0.0.2.tgz",
          "integrity": "sha1-65rsvTzsif9yIMOLz1uwNv8A01Q="
        },
        "fantasy-helpers": {
          "version": "0.0.1",
          "resolved": "http://hqdevnpm01.frt.lan:4873/fantasy-helpers/-/fantasy-helpers-0.0.1.tgz",
          "integrity": "sha1-+f3a+XaYeK0RFBI47BsLilDMgDg="
        },
        "fantasy-options": {
          "version": "0.0.1",
          "resolved": "http://hqdevnpm01.frt.lan:4873/fantasy-options/-/fantasy-options-0.0.1.tgz",
          "integrity": "sha1-bhvdu3um7hm1X8MQmXh4L1k9T+4="
        },
        "fantasy-seqs": {
          "version": "0.0.5",
          "resolved": "http://hqdevnpm01.frt.lan:4873/fantasy-seqs/-/fantasy-seqs-0.0.5.tgz",
          "integrity": "sha1-xm8QXWRV1/HUKNJa9EqdN+C8qHw=",
          "dependencies": {
            "bounces": {
              "version": "0.0.1",
              "resolved": "http://hqdevnpm01.frt.lan:4873/bounces/-/bounces-0.0.1.tgz",
              "integrity": "sha1-MKnkENhq0CvNoFcZ63/MsLmfxfA="
            }
          }
        },
        "fantasy-tuples": {
          "version": "0.0.1",
          "resolved": "http://hqdevnpm01.frt.lan:4873/fantasy-tuples/-/fantasy-tuples-0.0.1.tgz",
          "integrity": "sha1-wgyvfK8FCoV3QB/Q8nTLVN/K8x4="
        },
        "fantasy-validations": {
          "version": "0.0.2",
          "resolved": "http://hqdevnpm01.frt.lan:4873/fantasy-validations/-/fantasy-validations-0.0.2.tgz",
          "integrity": "sha1-41s9C2tBdVbftD6IrAuYn5JXpdo="
        }
      }
    },
    "fantasy-land": {
      "version": "3.2.0",
      "resolved": "https://registry.npmjs.org/fantasy-land/-/fantasy-land-3.2.0.tgz",
      "integrity": "sha1-z57lC9lvwcFWJVb5wDY/XsDKLNI=",
      "dependencies": {
        "fantasy-combinators": {
          "version": "0.0.1",
          "resolved": "http://hqdevnpm01.frt.lan:4873/fantasy-combinators/-/fantasy-combinators-0.0.1.tgz",
          "integrity": "sha1-0YOIrtlL55CsQGkDH16gGDReM6E="
        }
      }
    },
    "fluture": {
      "version": "6.2.7",
      "resolved": "https://registry.npmjs.org/fluture/-/fluture-6.2.7.tgz",
      "integrity": "sha1-troKWzkOObzICh0E3ECcsN6VCd8="
    },
    "fluture-sanctuary-types": {
      "version": "1.2.0",
      "resolved": "https://registry.npmjs.org/fluture-sanctuary-types/-/fluture-sanctuary-types-1.2.0.tgz",
      "integrity": "sha1-VTACgiHk7X3jtf1Rs0MddzQAfYQ="
    },
    "inspect-f": {
      "version": "1.2.1",
      "resolved": "https://registry.npmjs.org/inspect-f/-/inspect-f-1.2.1.tgz",
      "integrity": "sha1-EXVztd9XpQneb+QBEx1Ca6wVkrU="
    },
    "sanctuary": {
      "version": "0.13.2",
      "resolved": "http://hqdevnpm01.frt.lan:4873/sanctuary/-/sanctuary-0.13.2.tgz",
      "integrity": "sha1-7RycLysXRdZZ7jRXlUyLEVT41Kg="
    },
    "sanctuary-def": {
      "version": "0.12.1",
      "resolved": "https://registry.npmjs.org/sanctuary-def/-/sanctuary-def-0.12.1.tgz",
      "integrity": "sha1-u5sq2UB7FRnR7mH9KTsk6GogRLM="
    },
    "sanctuary-type-classes": {
      "version": "6.0.0",
      "resolved": "http://hqdevnpm01.frt.lan:4873/sanctuary-type-classes/-/sanctuary-type-classes-6.0.0.tgz",
      "integrity": "sha1-HbP4wSR94BhHHpeP5JVqA+ti9GQ=",
      "dependencies": {
        "sanctuary-type-identifiers": {
          "version": "1.0.0",
          "resolved": "http://hqdevnpm01.frt.lan:4873/sanctuary-type-identifiers/-/sanctuary-type-identifiers-1.0.0.tgz",
          "integrity": "sha1-6PNZ8AbLXmJM+4RkYD/BFGCL3p8="
        }
      }
    },
    "sanctuary-type-identifiers": {
      "version": "2.0.1",
      "resolved": "http://hqdevnpm01.frt.lan:4873/sanctuary-type-identifiers/-/sanctuary-type-identifiers-2.0.1.tgz",
      "integrity": "sha1-/FJM9t2Szr/LsN2VCe/xkxWaIO0="
    }
  }
}
